// !$*UTF8*$!
{
	archiveVersion = 1;
	classes = {
	};
	objectVersion = 50;
	objects = {

/* Begin PBXBuildFile section */
		D037FA1A25406FD8003CF793 /* Cryptohopper_iOS_SDK.framework in Frameworks */ = {isa = PBXBuildFile; fileRef = D037FA1025406FD7003CF793 /* Cryptohopper_iOS_SDK.framework */; };
		D037FA1F25406FD8003CF793 /* Cryptohopper_iOS_SDKTests.swift in Sources */ = {isa = PBXBuildFile; fileRef = D037FA1E25406FD8003CF793 /* Cryptohopper_iOS_SDKTests.swift */; };
		D037FA2125406FD8003CF793 /* Cryptohopper_iOS_SDK.h in Headers */ = {isa = PBXBuildFile; fileRef = D037FA1325406FD7003CF793 /* Cryptohopper_iOS_SDK.h */; settings = {ATTRIBUTES = (Public, ); }; };
		D037FA3025408EA3003CF793 /* CryptoHopper.swift in Sources */ = {isa = PBXBuildFile; fileRef = D037FA2F25408EA3003CF793 /* CryptoHopper.swift */; };
		D037FA3425409145003CF793 /* Keychain.swift in Sources */ = {isa = PBXBuildFile; fileRef = D037FA3325409145003CF793 /* Keychain.swift */; };
		D037FA382540922C003CF793 /* HopperAPISession.swift in Sources */ = {isa = PBXBuildFile; fileRef = D037FA372540922C003CF793 /* HopperAPISession.swift */; };
		D037FA3C254092C8003CF793 /* HopperAPIConfig.swift in Sources */ = {isa = PBXBuildFile; fileRef = D037FA3B254092C8003CF793 /* HopperAPIConfig.swift */; };
		D037FA4425409526003CF793 /* HopperAPIApplication.swift in Sources */ = {isa = PBXBuildFile; fileRef = D037FA4325409526003CF793 /* HopperAPIApplication.swift */; };
		D037FA4825409544003CF793 /* HopperAPIError.swift in Sources */ = {isa = PBXBuildFile; fileRef = D037FA4725409544003CF793 /* HopperAPIError.swift */; };
		D037FA4C2540955D003CF793 /* HopperError.swift in Sources */ = {isa = PBXBuildFile; fileRef = D037FA4B2540955D003CF793 /* HopperError.swift */; };
		D037FA50254095A1003CF793 /* HopperAPIRequest.swift in Sources */ = {isa = PBXBuildFile; fileRef = D037FA4F254095A1003CF793 /* HopperAPIRequest.swift */; };
		D037FA542540979F003CF793 /* HopperAPIConfigurationManager.swift in Sources */ = {isa = PBXBuildFile; fileRef = D037FA532540979F003CF793 /* HopperAPIConfigurationManager.swift */; };
		D037FA58254097C0003CF793 /* HopperAPISessionManager.swift in Sources */ = {isa = PBXBuildFile; fileRef = D037FA57254097C0003CF793 /* HopperAPISessionManager.swift */; };
		D037FA612540A909003CF793 /* HopperAPIAuthenticationRequest.swift in Sources */ = {isa = PBXBuildFile; fileRef = D037FA602540A909003CF793 /* HopperAPIAuthenticationRequest.swift */; };
		D037FA672540A913003CF793 /* HopperAPIAuthenticationResponse.swift in Sources */ = {isa = PBXBuildFile; fileRef = D037FA662540A913003CF793 /* HopperAPIAuthenticationResponse.swift */; };
		D0ADD8092541CAA50010CB72 /* HopperAPIRefreshTokenRequest.swift in Sources */ = {isa = PBXBuildFile; fileRef = D0ADD8082541CAA50010CB72 /* HopperAPIRefreshTokenRequest.swift */; };
/* End PBXBuildFile section */

/* Begin PBXContainerItemProxy section */
		D037FA1B25406FD8003CF793 /* PBXContainerItemProxy */ = {
			isa = PBXContainerItemProxy;
			containerPortal = D037FA0725406FD7003CF793 /* Project object */;
			proxyType = 1;
			remoteGlobalIDString = D037FA0F25406FD7003CF793;
			remoteInfo = "iOS SDK";
		};
/* End PBXContainerItemProxy section */

/* Begin PBXFileReference section */
		D037FA1025406FD7003CF793 /* Cryptohopper_iOS_SDK.framework */ = {isa = PBXFileReference; explicitFileType = wrapper.framework; includeInIndex = 0; path = Cryptohopper_iOS_SDK.framework; sourceTree = BUILT_PRODUCTS_DIR; };
		D037FA1325406FD7003CF793 /* Cryptohopper_iOS_SDK.h */ = {isa = PBXFileReference; lastKnownFileType = sourcecode.c.h; path = Cryptohopper_iOS_SDK.h; sourceTree = "<group>"; };
		D037FA1425406FD7003CF793 /* Info.plist */ = {isa = PBXFileReference; lastKnownFileType = text.plist.xml; path = Info.plist; sourceTree = "<group>"; };
		D037FA1925406FD8003CF793 /* Cryptohopper-iOS-SDKTests.xctest */ = {isa = PBXFileReference; explicitFileType = wrapper.cfbundle; includeInIndex = 0; path = "Cryptohopper-iOS-SDKTests.xctest"; sourceTree = BUILT_PRODUCTS_DIR; };
		D037FA1E25406FD8003CF793 /* Cryptohopper_iOS_SDKTests.swift */ = {isa = PBXFileReference; lastKnownFileType = sourcecode.swift; path = Cryptohopper_iOS_SDKTests.swift; sourceTree = "<group>"; };
		D037FA2025406FD8003CF793 /* Info.plist */ = {isa = PBXFileReference; lastKnownFileType = text.plist.xml; path = Info.plist; sourceTree = "<group>"; };
		D037FA2F25408EA3003CF793 /* CryptoHopper.swift */ = {isa = PBXFileReference; lastKnownFileType = sourcecode.swift; path = CryptoHopper.swift; sourceTree = "<group>"; };
		D037FA3325409145003CF793 /* Keychain.swift */ = {isa = PBXFileReference; lastKnownFileType = sourcecode.swift; path = Keychain.swift; sourceTree = "<group>"; };
		D037FA372540922C003CF793 /* HopperAPISession.swift */ = {isa = PBXFileReference; lastKnownFileType = sourcecode.swift; path = HopperAPISession.swift; sourceTree = "<group>"; };
		D037FA3B254092C8003CF793 /* HopperAPIConfig.swift */ = {isa = PBXFileReference; lastKnownFileType = sourcecode.swift; path = HopperAPIConfig.swift; sourceTree = "<group>"; };
		D037FA4325409526003CF793 /* HopperAPIApplication.swift */ = {isa = PBXFileReference; lastKnownFileType = sourcecode.swift; path = HopperAPIApplication.swift; sourceTree = "<group>"; };
		D037FA4725409544003CF793 /* HopperAPIError.swift */ = {isa = PBXFileReference; lastKnownFileType = sourcecode.swift; path = HopperAPIError.swift; sourceTree = "<group>"; };
		D037FA4B2540955D003CF793 /* HopperError.swift */ = {isa = PBXFileReference; lastKnownFileType = sourcecode.swift; path = HopperError.swift; sourceTree = "<group>"; };
		D037FA4F254095A1003CF793 /* HopperAPIRequest.swift */ = {isa = PBXFileReference; lastKnownFileType = sourcecode.swift; path = HopperAPIRequest.swift; sourceTree = "<group>"; };
		D037FA532540979F003CF793 /* HopperAPIConfigurationManager.swift */ = {isa = PBXFileReference; lastKnownFileType = sourcecode.swift; path = HopperAPIConfigurationManager.swift; sourceTree = "<group>"; };
		D037FA57254097C0003CF793 /* HopperAPISessionManager.swift */ = {isa = PBXFileReference; lastKnownFileType = sourcecode.swift; path = HopperAPISessionManager.swift; sourceTree = "<group>"; };
		D037FA602540A909003CF793 /* HopperAPIAuthenticationRequest.swift */ = {isa = PBXFileReference; lastKnownFileType = sourcecode.swift; path = HopperAPIAuthenticationRequest.swift; sourceTree = "<group>"; };
		D037FA662540A913003CF793 /* HopperAPIAuthenticationResponse.swift */ = {isa = PBXFileReference; lastKnownFileType = sourcecode.swift; path = HopperAPIAuthenticationResponse.swift; sourceTree = "<group>"; };
		D0ADD8082541CAA50010CB72 /* HopperAPIRefreshTokenRequest.swift */ = {isa = PBXFileReference; lastKnownFileType = sourcecode.swift; path = HopperAPIRefreshTokenRequest.swift; sourceTree = "<group>"; };
/* End PBXFileReference section */

/* Begin PBXFrameworksBuildPhase section */
		D037FA0D25406FD7003CF793 /* Frameworks */ = {
			isa = PBXFrameworksBuildPhase;
			buildActionMask = 2147483647;
			files = (
			);
			runOnlyForDeploymentPostprocessing = 0;
		};
		D037FA1625406FD8003CF793 /* Frameworks */ = {
			isa = PBXFrameworksBuildPhase;
			buildActionMask = 2147483647;
			files = (
				D037FA1A25406FD8003CF793 /* Cryptohopper_iOS_SDK.framework in Frameworks */,
			);
			runOnlyForDeploymentPostprocessing = 0;
		};
/* End PBXFrameworksBuildPhase section */

/* Begin PBXGroup section */
		D037FA0625406FD7003CF793 = {
			isa = PBXGroup;
			children = (
				D037FA1225406FD7003CF793 /* Cryptohopper-iOS-SDK */,
				D037FA1D25406FD8003CF793 /* Tests */,
				D037FA1125406FD7003CF793 /* Products */,
			);
			sourceTree = "<group>";
		};
		D037FA1125406FD7003CF793 /* Products */ = {
			isa = PBXGroup;
			children = (
				D037FA1025406FD7003CF793 /* Cryptohopper_iOS_SDK.framework */,
				D037FA1925406FD8003CF793 /* Cryptohopper-iOS-SDKTests.xctest */,
			);
			name = Products;
			sourceTree = "<group>";
		};
		D037FA1225406FD7003CF793 /* Cryptohopper-iOS-SDK */ = {
			isa = PBXGroup;
			children = (
				D037FA2D25408E77003CF793 /* SharedModels */,
				D037FA2C25408E67003CF793 /* Managers */,
				D037FA2E25408E7B003CF793 /* API */,
				D037FA2F25408EA3003CF793 /* CryptoHopper.swift */,
				D037FA1325406FD7003CF793 /* Cryptohopper_iOS_SDK.h */,
				D037FA1425406FD7003CF793 /* Info.plist */,
			);
			path = "Cryptohopper-iOS-SDK";
			sourceTree = "<group>";
		};
		D037FA1D25406FD8003CF793 /* Tests */ = {
			isa = PBXGroup;
			children = (
				D037FA1E25406FD8003CF793 /* Cryptohopper_iOS_SDKTests.swift */,
				D037FA2025406FD8003CF793 /* Info.plist */,
			);
			path = Tests;
			sourceTree = "<group>";
		};
		D037FA2C25408E67003CF793 /* Managers */ = {
			isa = PBXGroup;
			children = (
				D037FA3325409145003CF793 /* Keychain.swift */,
				D037FA532540979F003CF793 /* HopperAPIConfigurationManager.swift */,
				D037FA57254097C0003CF793 /* HopperAPISessionManager.swift */,
			);
			path = Managers;
			sourceTree = "<group>";
		};
		D037FA2D25408E77003CF793 /* SharedModels */ = {
			isa = PBXGroup;
			children = (
				D037FA372540922C003CF793 /* HopperAPISession.swift */,
				D037FA3B254092C8003CF793 /* HopperAPIConfig.swift */,
				D037FA4325409526003CF793 /* HopperAPIApplication.swift */,
				D037FA4725409544003CF793 /* HopperAPIError.swift */,
				D037FA4B2540955D003CF793 /* HopperError.swift */,
				D037FA4F254095A1003CF793 /* HopperAPIRequest.swift */,
			);
			path = SharedModels;
			sourceTree = "<group>";
		};
		D037FA2E25408E7B003CF793 /* API */ = {
			isa = PBXGroup;
			children = (
				D037FA5B25409FE6003CF793 /* Authentication */,
			);
			path = API;
			sourceTree = "<group>";
		};
		D037FA5B25409FE6003CF793 /* Authentication */ = {
			isa = PBXGroup;
			children = (
				D037FA5C2540A013003CF793 /* Authenticate */,
				D0ADD7FD25419FD50010CB72 /* RefreshToken */,
			);
			path = Authentication;
			sourceTree = "<group>";
		};
		D037FA5C2540A013003CF793 /* Authenticate */ = {
			isa = PBXGroup;
			children = (
				D037FA602540A909003CF793 /* HopperAPIAuthenticationRequest.swift */,
				D037FA662540A913003CF793 /* HopperAPIAuthenticationResponse.swift */,
			);
			path = Authenticate;
			sourceTree = "<group>";
		};
		D0ADD7FD25419FD50010CB72 /* RefreshToken */ = {
			isa = PBXGroup;
			children = (
				D0ADD8082541CAA50010CB72 /* HopperAPIRefreshTokenRequest.swift */,
			);
			path = RefreshToken;
			sourceTree = "<group>";
		};
/* End PBXGroup section */

/* Begin PBXHeadersBuildPhase section */
		D037FA0B25406FD7003CF793 /* Headers */ = {
			isa = PBXHeadersBuildPhase;
			buildActionMask = 2147483647;
			files = (
				D037FA2125406FD8003CF793 /* Cryptohopper_iOS_SDK.h in Headers */,
			);
			runOnlyForDeploymentPostprocessing = 0;
		};
/* End PBXHeadersBuildPhase section */

/* Begin PBXNativeTarget section */
		D037FA0F25406FD7003CF793 /* Cryptohopper-iOS-SDK */ = {
			isa = PBXNativeTarget;
			buildConfigurationList = D037FA2425406FD8003CF793 /* Build configuration list for PBXNativeTarget "Cryptohopper-iOS-SDK" */;
			buildPhases = (
				D037FA0B25406FD7003CF793 /* Headers */,
				D037FA0C25406FD7003CF793 /* Sources */,
				D037FA0D25406FD7003CF793 /* Frameworks */,
				D037FA0E25406FD7003CF793 /* Resources */,
			);
			buildRules = (
			);
			dependencies = (
			);
			name = "Cryptohopper-iOS-SDK";
			productName = "iOS SDK";
			productReference = D037FA1025406FD7003CF793 /* Cryptohopper_iOS_SDK.framework */;
			productType = "com.apple.product-type.framework";
		};
		D037FA1825406FD8003CF793 /* Cryptohopper-iOS-SDKTests */ = {
			isa = PBXNativeTarget;
			buildConfigurationList = D037FA2725406FD8003CF793 /* Build configuration list for PBXNativeTarget "Cryptohopper-iOS-SDKTests" */;
			buildPhases = (
				D037FA1525406FD8003CF793 /* Sources */,
				D037FA1625406FD8003CF793 /* Frameworks */,
				D037FA1725406FD8003CF793 /* Resources */,
			);
			buildRules = (
			);
			dependencies = (
				D037FA1C25406FD8003CF793 /* PBXTargetDependency */,
			);
			name = "Cryptohopper-iOS-SDKTests";
			productName = "iOS SDKTests";
			productReference = D037FA1925406FD8003CF793 /* Cryptohopper-iOS-SDKTests.xctest */;
			productType = "com.apple.product-type.bundle.unit-test";
		};
/* End PBXNativeTarget section */

/* Begin PBXProject section */
		D037FA0725406FD7003CF793 /* Project object */ = {
			isa = PBXProject;
			attributes = {
				LastSwiftUpdateCheck = 1210;
				LastUpgradeCheck = 1210;
				TargetAttributes = {
					D037FA0F25406FD7003CF793 = {
						CreatedOnToolsVersion = 12.1;
						LastSwiftMigration = 1210;
					};
					D037FA1825406FD8003CF793 = {
						CreatedOnToolsVersion = 12.1;
					};
				};
			};
			buildConfigurationList = D037FA0A25406FD7003CF793 /* Build configuration list for PBXProject "Cryptohopper-iOS-SDK" */;
			compatibilityVersion = "Xcode 9.3";
			developmentRegion = en;
			hasScannedForEncodings = 0;
			knownRegions = (
				en,
				Base,
			);
			mainGroup = D037FA0625406FD7003CF793;
			productRefGroup = D037FA1125406FD7003CF793 /* Products */;
			projectDirPath = "";
			projectRoot = "";
			targets = (
				D037FA0F25406FD7003CF793 /* Cryptohopper-iOS-SDK */,
				D037FA1825406FD8003CF793 /* Cryptohopper-iOS-SDKTests */,
			);
		};
/* End PBXProject section */

/* Begin PBXResourcesBuildPhase section */
		D037FA0E25406FD7003CF793 /* Resources */ = {
			isa = PBXResourcesBuildPhase;
			buildActionMask = 2147483647;
			files = (
			);
			runOnlyForDeploymentPostprocessing = 0;
		};
		D037FA1725406FD8003CF793 /* Resources */ = {
			isa = PBXResourcesBuildPhase;
			buildActionMask = 2147483647;
			files = (
			);
			runOnlyForDeploymentPostprocessing = 0;
		};
/* End PBXResourcesBuildPhase section */

/* Begin PBXSourcesBuildPhase section */
		D037FA0C25406FD7003CF793 /* Sources */ = {
			isa = PBXSourcesBuildPhase;
			buildActionMask = 2147483647;
			files = (
				D037FA3025408EA3003CF793 /* CryptoHopper.swift in Sources */,
				D037FA3C254092C8003CF793 /* HopperAPIConfig.swift in Sources */,
				D037FA542540979F003CF793 /* HopperAPIConfigurationManager.swift in Sources */,
				D037FA672540A913003CF793 /* HopperAPIAuthenticationResponse.swift in Sources */,
				D037FA612540A909003CF793 /* HopperAPIAuthenticationRequest.swift in Sources */,
				D037FA50254095A1003CF793 /* HopperAPIRequest.swift in Sources */,
				D037FA382540922C003CF793 /* HopperAPISession.swift in Sources */,
				D037FA4C2540955D003CF793 /* HopperError.swift in Sources */,
				D0ADD8092541CAA50010CB72 /* HopperAPIRefreshTokenRequest.swift in Sources */,
				D037FA4825409544003CF793 /* HopperAPIError.swift in Sources */,
				D037FA58254097C0003CF793 /* HopperAPISessionManager.swift in Sources */,
				D037FA3425409145003CF793 /* Keychain.swift in Sources */,
				D037FA4425409526003CF793 /* HopperAPIApplication.swift in Sources */,
			);
			runOnlyForDeploymentPostprocessing = 0;
		};
		D037FA1525406FD8003CF793 /* Sources */ = {
			isa = PBXSourcesBuildPhase;
			buildActionMask = 2147483647;
			files = (
				D037FA1F25406FD8003CF793 /* Cryptohopper_iOS_SDKTests.swift in Sources */,
			);
			runOnlyForDeploymentPostprocessing = 0;
		};
/* End PBXSourcesBuildPhase section */

/* Begin PBXTargetDependency section */
		D037FA1C25406FD8003CF793 /* PBXTargetDependency */ = {
			isa = PBXTargetDependency;
			target = D037FA0F25406FD7003CF793 /* Cryptohopper-iOS-SDK */;
			targetProxy = D037FA1B25406FD8003CF793 /* PBXContainerItemProxy */;
		};
/* End PBXTargetDependency section */

/* Begin XCBuildConfiguration section */
		D037FA2225406FD8003CF793 /* Debug */ = {
			isa = XCBuildConfiguration;
			buildSettings = {
				ALWAYS_SEARCH_USER_PATHS = NO;
				CLANG_ANALYZER_NONNULL = YES;
				CLANG_ANALYZER_NUMBER_OBJECT_CONVERSION = YES_AGGRESSIVE;
				CLANG_CXX_LANGUAGE_STANDARD = "gnu++14";
				CLANG_CXX_LIBRARY = "libc++";
				CLANG_ENABLE_MODULES = YES;
				CLANG_ENABLE_OBJC_ARC = YES;
				CLANG_ENABLE_OBJC_WEAK = YES;
				CLANG_WARN_BLOCK_CAPTURE_AUTORELEASING = YES;
				CLANG_WARN_BOOL_CONVERSION = YES;
				CLANG_WARN_COMMA = YES;
				CLANG_WARN_CONSTANT_CONVERSION = YES;
				CLANG_WARN_DEPRECATED_OBJC_IMPLEMENTATIONS = YES;
				CLANG_WARN_DIRECT_OBJC_ISA_USAGE = YES_ERROR;
				CLANG_WARN_DOCUMENTATION_COMMENTS = YES;
				CLANG_WARN_EMPTY_BODY = YES;
				CLANG_WARN_ENUM_CONVERSION = YES;
				CLANG_WARN_INFINITE_RECURSION = YES;
				CLANG_WARN_INT_CONVERSION = YES;
				CLANG_WARN_NON_LITERAL_NULL_CONVERSION = YES;
				CLANG_WARN_OBJC_IMPLICIT_RETAIN_SELF = YES;
				CLANG_WARN_OBJC_LITERAL_CONVERSION = YES;
				CLANG_WARN_OBJC_ROOT_CLASS = YES_ERROR;
				CLANG_WARN_QUOTED_INCLUDE_IN_FRAMEWORK_HEADER = YES;
				CLANG_WARN_RANGE_LOOP_ANALYSIS = YES;
				CLANG_WARN_STRICT_PROTOTYPES = YES;
				CLANG_WARN_SUSPICIOUS_MOVE = YES;
				CLANG_WARN_UNGUARDED_AVAILABILITY = YES_AGGRESSIVE;
				CLANG_WARN_UNREACHABLE_CODE = YES;
				CLANG_WARN__DUPLICATE_METHOD_MATCH = YES;
				COPY_PHASE_STRIP = NO;
				CURRENT_PROJECT_VERSION = 1;
				DEBUG_INFORMATION_FORMAT = dwarf;
				ENABLE_STRICT_OBJC_MSGSEND = YES;
				ENABLE_TESTABILITY = YES;
				GCC_C_LANGUAGE_STANDARD = gnu11;
				GCC_DYNAMIC_NO_PIC = NO;
				GCC_NO_COMMON_BLOCKS = YES;
				GCC_OPTIMIZATION_LEVEL = 0;
				GCC_PREPROCESSOR_DEFINITIONS = (
					"DEBUG=1",
					"$(inherited)",
				);
				GCC_WARN_64_TO_32_BIT_CONVERSION = YES;
				GCC_WARN_ABOUT_RETURN_TYPE = YES_ERROR;
				GCC_WARN_UNDECLARED_SELECTOR = YES;
				GCC_WARN_UNINITIALIZED_AUTOS = YES_AGGRESSIVE;
				GCC_WARN_UNUSED_FUNCTION = YES;
				GCC_WARN_UNUSED_VARIABLE = YES;
				IPHONEOS_DEPLOYMENT_TARGET = 14.1;
				MTL_ENABLE_DEBUG_INFO = INCLUDE_SOURCE;
				MTL_FAST_MATH = YES;
				ONLY_ACTIVE_ARCH = YES;
				SDKROOT = iphoneos;
				SWIFT_ACTIVE_COMPILATION_CONDITIONS = DEBUG;
				SWIFT_OPTIMIZATION_LEVEL = "-Onone";
				VERSIONING_SYSTEM = "apple-generic";
				VERSION_INFO_PREFIX = "";
			};
			name = Debug;
		};
		D037FA2325406FD8003CF793 /* Release */ = {
			isa = XCBuildConfiguration;
			buildSettings = {
				ALWAYS_SEARCH_USER_PATHS = NO;
				CLANG_ANALYZER_NONNULL = YES;
				CLANG_ANALYZER_NUMBER_OBJECT_CONVERSION = YES_AGGRESSIVE;
				CLANG_CXX_LANGUAGE_STANDARD = "gnu++14";
				CLANG_CXX_LIBRARY = "libc++";
				CLANG_ENABLE_MODULES = YES;
				CLANG_ENABLE_OBJC_ARC = YES;
				CLANG_ENABLE_OBJC_WEAK = YES;
				CLANG_WARN_BLOCK_CAPTURE_AUTORELEASING = YES;
				CLANG_WARN_BOOL_CONVERSION = YES;
				CLANG_WARN_COMMA = YES;
				CLANG_WARN_CONSTANT_CONVERSION = YES;
				CLANG_WARN_DEPRECATED_OBJC_IMPLEMENTATIONS = YES;
				CLANG_WARN_DIRECT_OBJC_ISA_USAGE = YES_ERROR;
				CLANG_WARN_DOCUMENTATION_COMMENTS = YES;
				CLANG_WARN_EMPTY_BODY = YES;
				CLANG_WARN_ENUM_CONVERSION = YES;
				CLANG_WARN_INFINITE_RECURSION = YES;
				CLANG_WARN_INT_CONVERSION = YES;
				CLANG_WARN_NON_LITERAL_NULL_CONVERSION = YES;
				CLANG_WARN_OBJC_IMPLICIT_RETAIN_SELF = YES;
				CLANG_WARN_OBJC_LITERAL_CONVERSION = YES;
				CLANG_WARN_OBJC_ROOT_CLASS = YES_ERROR;
				CLANG_WARN_QUOTED_INCLUDE_IN_FRAMEWORK_HEADER = YES;
				CLANG_WARN_RANGE_LOOP_ANALYSIS = YES;
				CLANG_WARN_STRICT_PROTOTYPES = YES;
				CLANG_WARN_SUSPICIOUS_MOVE = YES;
				CLANG_WARN_UNGUARDED_AVAILABILITY = YES_AGGRESSIVE;
				CLANG_WARN_UNREACHABLE_CODE = YES;
				CLANG_WARN__DUPLICATE_METHOD_MATCH = YES;
				COPY_PHASE_STRIP = NO;
				CURRENT_PROJECT_VERSION = 1;
				DEBUG_INFORMATION_FORMAT = "dwarf-with-dsym";
				ENABLE_NS_ASSERTIONS = NO;
				ENABLE_STRICT_OBJC_MSGSEND = YES;
				GCC_C_LANGUAGE_STANDARD = gnu11;
				GCC_NO_COMMON_BLOCKS = YES;
				GCC_WARN_64_TO_32_BIT_CONVERSION = YES;
				GCC_WARN_ABOUT_RETURN_TYPE = YES_ERROR;
				GCC_WARN_UNDECLARED_SELECTOR = YES;
				GCC_WARN_UNINITIALIZED_AUTOS = YES_AGGRESSIVE;
				GCC_WARN_UNUSED_FUNCTION = YES;
				GCC_WARN_UNUSED_VARIABLE = YES;
				IPHONEOS_DEPLOYMENT_TARGET = 14.1;
				MTL_ENABLE_DEBUG_INFO = NO;
				MTL_FAST_MATH = YES;
				SDKROOT = iphoneos;
				SWIFT_COMPILATION_MODE = wholemodule;
				SWIFT_OPTIMIZATION_LEVEL = "-O";
				VALIDATE_PRODUCT = YES;
				VERSIONING_SYSTEM = "apple-generic";
				VERSION_INFO_PREFIX = "";
			};
			name = Release;
		};
		D037FA2525406FD8003CF793 /* Debug */ = {
			isa = XCBuildConfiguration;
			buildSettings = {
				CLANG_ENABLE_MODULES = YES;
				CODE_SIGN_STYLE = Automatic;
				DEFINES_MODULE = YES;
				DEVELOPMENT_TEAM = V7MFX4TNW4;
				DYLIB_COMPATIBILITY_VERSION = 1;
				DYLIB_CURRENT_VERSION = 1;
				DYLIB_INSTALL_NAME_BASE = "@rpath";
				INFOPLIST_FILE = "Cryptohopper-iOS-SDK/Info.plist";
				INSTALL_PATH = "$(LOCAL_LIBRARY_DIR)/Frameworks";
				IPHONEOS_DEPLOYMENT_TARGET = 11.0;
				LD_RUNPATH_SEARCH_PATHS = (
					"$(inherited)",
					"@executable_path/Frameworks",
					"@loader_path/Frameworks",
				);
				PRODUCT_BUNDLE_IDENTIFIER = "Cryptohopper.iOS-SDK";
				PRODUCT_NAME = "$(TARGET_NAME:c99extidentifier)";
				SKIP_INSTALL = YES;
				SWIFT_OPTIMIZATION_LEVEL = "-Onone";
				SWIFT_VERSION = 5.0;
				TARGETED_DEVICE_FAMILY = "1,2";
			};
			name = Debug;
		};
		D037FA2625406FD8003CF793 /* Release */ = {
			isa = XCBuildConfiguration;
			buildSettings = {
				CLANG_ENABLE_MODULES = YES;
				CODE_SIGN_STYLE = Automatic;
				DEFINES_MODULE = YES;
				DEVELOPMENT_TEAM = V7MFX4TNW4;
				DYLIB_COMPATIBILITY_VERSION = 1;
				DYLIB_CURRENT_VERSION = 1;
				DYLIB_INSTALL_NAME_BASE = "@rpath";
				INFOPLIST_FILE = "Cryptohopper-iOS-SDK/Info.plist";
				INSTALL_PATH = "$(LOCAL_LIBRARY_DIR)/Frameworks";
				IPHONEOS_DEPLOYMENT_TARGET = 11.0;
				LD_RUNPATH_SEARCH_PATHS = (
					"$(inherited)",
					"@executable_path/Frameworks",
					"@loader_path/Frameworks",
				);
				PRODUCT_BUNDLE_IDENTIFIER = "Cryptohopper.iOS-SDK";
				PRODUCT_NAME = "$(TARGET_NAME:c99extidentifier)";
				SKIP_INSTALL = YES;
				SWIFT_VERSION = 5.0;
				TARGETED_DEVICE_FAMILY = "1,2";
			};
			name = Release;
		};
		D037FA2825406FD8003CF793 /* Debug */ = {
			isa = XCBuildConfiguration;
			buildSettings = {
				ALWAYS_EMBED_SWIFT_STANDARD_LIBRARIES = YES;
				CODE_SIGN_STYLE = Automatic;
				DEVELOPMENT_TEAM = V7MFX4TNW4;
				INFOPLIST_FILE = Tests/Info.plist;
				LD_RUNPATH_SEARCH_PATHS = (
					"$(inherited)",
					"@executable_path/Frameworks",
					"@loader_path/Frameworks",
				);
				PRODUCT_BUNDLE_IDENTIFIER = "Cryptohopper.iOS-SDKTests";
				PRODUCT_NAME = "$(TARGET_NAME)";
				SWIFT_VERSION = 5.0;
				TARGETED_DEVICE_FAMILY = "1,2";
			};
			name = Debug;
		};
		D037FA2925406FD8003CF793 /* Release */ = {
			isa = XCBuildConfiguration;
			buildSettings = {
				ALWAYS_EMBED_SWIFT_STANDARD_LIBRARIES = YES;
				CODE_SIGN_STYLE = Automatic;
				DEVELOPMENT_TEAM = V7MFX4TNW4;
				INFOPLIST_FILE = Tests/Info.plist;
				LD_RUNPATH_SEARCH_PATHS = (
					"$(inherited)",
					"@executable_path/Frameworks",
					"@loader_path/Frameworks",
				);
				PRODUCT_BUNDLE_IDENTIFIER = "Cryptohopper.iOS-SDKTests";
				PRODUCT_NAME = "$(TARGET_NAME)";
				SWIFT_VERSION = 5.0;
				TARGETED_DEVICE_FAMILY = "1,2";
			};
			name = Release;
		};
/* End XCBuildConfiguration section */

/* Begin XCConfigurationList section */
		D037FA0A25406FD7003CF793 /* Build configuration list for PBXProject "Cryptohopper-iOS-SDK" */ = {
			isa = XCConfigurationList;
			buildConfigurations = (
				D037FA2225406FD8003CF793 /* Debug */,
				D037FA2325406FD8003CF793 /* Release */,
			);
			defaultConfigurationIsVisible = 0;
			defaultConfigurationName = Release;
		};
		D037FA2425406FD8003CF793 /* Build configuration list for PBXNativeTarget "Cryptohopper-iOS-SDK" */ = {
			isa = XCConfigurationList;
			buildConfigurations = (
				D037FA2525406FD8003CF793 /* Debug */,
				D037FA2625406FD8003CF793 /* Release */,
			);
			defaultConfigurationIsVisible = 0;
			defaultConfigurationName = Release;
		};
		D037FA2725406FD8003CF793 /* Build configuration list for PBXNativeTarget "Cryptohopper-iOS-SDKTests" */ = {
			isa = XCConfigurationList;
			buildConfigurations = (
				D037FA2825406FD8003CF793 /* Debug */,
				D037FA2925406FD8003CF793 /* Release */,
			);
			defaultConfigurationIsVisible = 0;
			defaultConfigurationName = Release;
		};
/* End XCConfigurationList section */
	};
	rootObject = D037FA0725406FD7003CF793 /* Project object */;
}
